// !$*UTF8*$!
{
	archiveVersion = 1;
	classes = {
	};
	objectVersion = 56;
	objects = {

/* Begin PBXBuildFile section */
		A10000010000000000000001 /* AIIMEOverlayApp.swift in Sources */ = {isa = PBXBuildFile; fileRef = A20000010000000000000001 /* AIIMEOverlayApp.swift */; };
		A10000010000000000000002 /* AppCoordinator.swift in Sources */ = {isa = PBXBuildFile; fileRef = A20000010000000000000002 /* AppCoordinator.swift */; };
		A10000010000000000000003 /* AppSettings.swift in Sources */ = {isa = PBXBuildFile; fileRef = A20000010000000000000003 /* AppSettings.swift */; };
		A10000010000000000000004 /* FocusStore.swift in Sources */ = {isa = PBXBuildFile; fileRef = A20000010000000000000004 /* FocusStore.swift */; };
		A10000010000000000000005 /* HotkeyMonitor.swift in Sources */ = {isa = PBXBuildFile; fileRef = A20000010000000000000005 /* HotkeyMonitor.swift */; };
		A10000010000000000000006 /* Permissions.swift in Sources */ = {isa = PBXBuildFile; fileRef = A20000010000000000000006 /* Permissions.swift */; };
		A10000010000000000000007 /* TextInjector.swift in Sources */ = {isa = PBXBuildFile; fileRef = A20000010000000000000007 /* TextInjector.swift */; };
		A10000010000000000000008 /* ConversionPanelController.swift in Sources */ = {isa = PBXBuildFile; fileRef = A20000010000000000000008 /* ConversionPanelController.swift */; };
		A10000010000000000000009 /* ConversionPanelView.swift in Sources */ = {isa = PBXBuildFile; fileRef = A20000010000000000000009 /* ConversionPanelView.swift */; };
		A1000001000000000000000A /* SettingsView.swift in Sources */ = {isa = PBXBuildFile; fileRef = A2000001000000000000000A /* SettingsView.swift */; };
		A1000001000000000000000B /* KeychainStore.swift in Sources */ = {isa = PBXBuildFile; fileRef = A2000001000000000000000B /* KeychainStore.swift */; };
		A1000001000000000000000C /* OpenAIClient.swift in Sources */ = {isa = PBXBuildFile; fileRef = A2000001000000000000000C /* OpenAIClient.swift */; };
		A1000001000000000000000D /* Assets.xcassets in Resources */ = {isa = PBXBuildFile; fileRef = A2000001000000000000000D /* Assets.xcassets */; };
/* End PBXBuildFile section */

/* Begin PBXFileReference section */
		A20000010000000000000001 /* AIIMEOverlayApp.swift */ = {isa = PBXFileReference; lastKnownFileType = sourcecode.swift; path = AIIMEOverlayApp.swift; sourceTree = "<group>"; };
		A20000010000000000000002 /* AppCoordinator.swift */ = {isa = PBXFileReference; lastKnownFileType = sourcecode.swift; path = AppCoordinator.swift; sourceTree = "<group>"; };
		A20000010000000000000003 /* AppSettings.swift */ = {isa = PBXFileReference; lastKnownFileType = sourcecode.swift; path = AppSettings.swift; sourceTree = "<group>"; };
		A20000010000000000000004 /* FocusStore.swift */ = {isa = PBXFileReference; lastKnownFileType = sourcecode.swift; path = FocusStore.swift; sourceTree = "<group>"; };
		A20000010000000000000005 /* HotkeyMonitor.swift */ = {isa = PBXFileReference; lastKnownFileType = sourcecode.swift; path = HotkeyMonitor.swift; sourceTree = "<group>"; };
		A20000010000000000000006 /* Permissions.swift */ = {isa = PBXFileReference; lastKnownFileType = sourcecode.swift; path = Permissions.swift; sourceTree = "<group>"; };
		A20000010000000000000007 /* TextInjector.swift */ = {isa = PBXFileReference; lastKnownFileType = sourcecode.swift; path = TextInjector.swift; sourceTree = "<group>"; };
		A20000010000000000000008 /* ConversionPanelController.swift */ = {isa = PBXFileReference; lastKnownFileType = sourcecode.swift; path = ConversionPanelController.swift; sourceTree = "<group>"; };
		A20000010000000000000009 /* ConversionPanelView.swift */ = {isa = PBXFileReference; lastKnownFileType = sourcecode.swift; path = ConversionPanelView.swift; sourceTree = "<group>"; };
		A2000001000000000000000A /* SettingsView.swift */ = {isa = PBXFileReference; lastKnownFileType = sourcecode.swift; path = SettingsView.swift; sourceTree = "<group>"; };
		A2000001000000000000000B /* KeychainStore.swift */ = {isa = PBXFileReference; lastKnownFileType = sourcecode.swift; path = KeychainStore.swift; sourceTree = "<group>"; };
		A2000001000000000000000C /* OpenAIClient.swift */ = {isa = PBXFileReference; lastKnownFileType = sourcecode.swift; path = OpenAIClient.swift; sourceTree = "<group>"; };
		A2000001000000000000000D /* Assets.xcassets */ = {isa = PBXFileReference; lastKnownFileType = folder.assetcatalog; path = Assets.xcassets; sourceTree = "<group>"; };
		A2000001000000000000000E /* AIIMEOverlay.app */ = {isa = PBXFileReference; explicitFileType = wrapper.application; includeInIndex = 0; path = AIIMEOverlay.app; sourceTree = BUILT_PRODUCTS_DIR; };
		A2000001000000000000000F /* Info.plist */ = {isa = PBXFileReference; lastKnownFileType = text.plist.xml; path = Info.plist; sourceTree = "<group>"; };
		A20000010000000000000010 /* AIIMEOverlay.entitlements */ = {isa = PBXFileReference; lastKnownFileType = text.plist.entitlements; path = AIIMEOverlay.entitlements; sourceTree = "<group>"; };
/* End PBXFileReference section */

/* Begin PBXFrameworksBuildPhase section */
		A30000010000000000000001 /* Frameworks */ = {
			isa = PBXFrameworksBuildPhase;
			buildActionMask = 2147483647;
			files = (
			);
			runOnlyForDeploymentPostprocessing = 0;
		};
/* End PBXFrameworksBuildPhase section */

/* Begin PBXGroup section */
		A40000010000000000000001 = {
			isa = PBXGroup;
			children = (
				A40000010000000000000002 /* AIIMEOverlay */,
				A40000010000000000000003 /* Products */,
			);
			sourceTree = "<group>";
		};
		A40000010000000000000002 /* AIIMEOverlay */ = {
			isa = PBXGroup;
			children = (
				A20000010000000000000001 /* AIIMEOverlayApp.swift */,
				A40000010000000000000004 /* Core */,
				A40000010000000000000005 /* UI */,
				A40000010000000000000006 /* Services */,
				A40000010000000000000007 /* Resources */,
				A2000001000000000000000D /* Assets.xcassets */,
			);
			path = AIIMEOverlay;
			sourceTree = "<group>";
		};
		A40000010000000000000003 /* Products */ = {
			isa = PBXGroup;
			children = (
				A2000001000000000000000E /* AIIMEOverlay.app */,
			);
			name = Products;
			sourceTree = "<group>";
		};
		A40000010000000000000004 /* Core */ = {
			isa = PBXGroup;
			children = (
				A20000010000000000000002 /* AppCoordinator.swift */,
				A20000010000000000000003 /* AppSettings.swift */,
				A20000010000000000000004 /* FocusStore.swift */,
				A20000010000000000000005 /* HotkeyMonitor.swift */,
				A20000010000000000000006 /* Permissions.swift */,
				A20000010000000000000007 /* TextInjector.swift */,
			);
			path = Core;
			sourceTree = "<group>";
		};
		A40000010000000000000005 /* UI */ = {
			isa = PBXGroup;
			children = (
				A20000010000000000000008 /* ConversionPanelController.swift */,
				A20000010000000000000009 /* ConversionPanelView.swift */,
				A2000001000000000000000A /* SettingsView.swift */,
			);
			path = UI;
			sourceTree = "<group>";
		};
		A40000010000000000000006 /* Services */ = {
			isa = PBXGroup;
			children = (
				A2000001000000000000000B /* KeychainStore.swift */,
				A2000001000000000000000C /* OpenAIClient.swift */,
			);
			path = Services;
			sourceTree = "<group>";
		};
		A40000010000000000000007 /* Resources */ = {
			isa = PBXGroup;
			children = (
				A2000001000000000000000F /* Info.plist */,
				A20000010000000000000010 /* AIIMEOverlay.entitlements */,
			);
			path = Resources;
			sourceTree = "<group>";
		};
/* End PBXGroup section */

/* Begin PBXNativeTarget section */
		A50000010000000000000001 /* AIIMEOverlay */ = {
			isa = PBXNativeTarget;
			buildConfigurationList = A70000010000000000000003 /* Build configuration list for PBXNativeTarget "AIIMEOverlay" */;
			buildPhases = (
				A60000010000000000000001 /* Sources */,
				A30000010000000000000001 /* Frameworks */,
				A60000010000000000000002 /* Resources */,
			);
			buildRules = (
			);
			dependencies = (
			);
			name = AIIMEOverlay;
			productName = AIIMEOverlay;
			productReference = A2000001000000000000000E /* AIIMEOverlay.app */;
			productType = "com.apple.product-type.application";
		};
/* End PBXNativeTarget section */

/* Begin PBXProject section */
		A80000010000000000000001 /* Project object */ = {
			isa = PBXProject;
			attributes = {
				BuildIndependentTargetsInParallel = 1;
				LastSwiftUpdateCheck = 1600;
				LastUpgradeCheck = 1600;
				TargetAttributes = {
					A50000010000000000000001 = {
						CreatedOnToolsVersion = 16.0;
					};
				};
			};
			buildConfigurationList = A70000010000000000000001 /* Build configuration list for PBXProject "AIIMEOverlay" */;
			compatibilityVersion = "Xcode 14.0";
			developmentRegion = en;
			hasScannedForEncodings = 0;
			knownRegions = (
				en,
				Base,
			);
			mainGroup = A40000010000000000000001;
			productRefGroup = A40000010000000000000003 /* Products */;
			projectDirPath = "";
			projectRoot = "";
			targets = (
				A50000010000000000000001 /* AIIMEOverlay */,
			);
		};
/* End PBXProject section */

/* Begin PBXResourcesBuildPhase section */
		A60000010000000000000002 /* Resources */ = {
			isa = PBXResourcesBuildPhase;
			buildActionMask = 2147483647;
			files = (
				A1000001000000000000000D /* Assets.xcassets in Resources */,
			);
			runOnlyForDeploymentPostprocessing = 0;
		};
/* End PBXResourcesBuildPhase section */

/* Begin PBXSourcesBuildPhase section */
		A60000010000000000000001 /* Sources */ = {
			isa = PBXSourcesBuildPhase;
			buildActionMask = 2147483647;
			files = (
				A10000010000000000000001 /* AIIMEOverlayApp.swift in Sources */,
				A10000010000000000000002 /* AppCoordinator.swift in Sources */,
				A10000010000000000000003 /* AppSettings.swift in Sources */,
				A10000010000000000000004 /* FocusStore.swift in Sources */,
				A10000010000000000000005 /* HotkeyMonitor.swift in Sources */,
				A10000010000000000000006 /* Permissions.swift in Sources */,
				A10000010000000000000007 /* TextInjector.swift in Sources */,
				A10000010000000000000008 /* ConversionPanelController.swift in Sources */,
				A10000010000000000000009 /* ConversionPanelView.swift in Sources */,
				A1000001000000000000000A /* SettingsView.swift in Sources */,
				A1000001000000000000000B /* KeychainStore.swift in Sources */,
				A1000001000000000000000C /* OpenAIClient.swift in Sources */,
			);
			runOnlyForDeploymentPostprocessing = 0;
		};
/* End PBXSourcesBuildPhase section */

/* Begin XCBuildConfiguration section */
		A90000010000000000000001 /* Debug */ = {
			isa = XCBuildConfiguration;
			buildSettings = {
				ALWAYS_SEARCH_USER_PATHS = NO;
				CLANG_ENABLE_MODULES = YES;
				CLANG_ENABLE_OBJC_ARC = YES;
				COPY_PHASE_STRIP = NO;
				DEBUG_INFORMATION_FORMAT = dwarf;
				ENABLE_STRICT_OBJC_MSGSEND = YES;
				ENABLE_TESTABILITY = YES;
				GCC_DYNAMIC_NO_PIC = NO;
				GCC_OPTIMIZATION_LEVEL = 0;
				GCC_PREPROCESSOR_DEFINITIONS = (
					"DEBUG=1",
					"$(inherited)",
				);
				MACOSX_DEPLOYMENT_TARGET = 14.0;
				ONLY_ACTIVE_ARCH = YES;
				SDKROOT = macosx;
				SWIFT_ACTIVE_COMPILATION_CONDITIONS = "DEBUG $(inherited)";
				SWIFT_OPTIMIZATION_LEVEL = "-Onone";
			};
			name = Debug;
		};
		A90000010000000000000002 /* Release */ = {
			isa = XCBuildConfiguration;
			buildSettings = {
				ALWAYS_SEARCH_USER_PATHS = NO;
				CLANG_ENABLE_MODULES = YES;
				CLANG_ENABLE_OBJC_ARC = YES;
				COPY_PHASE_STRIP = NO;
				DEBUG_INFORMATION_FORMAT = "dwarf-with-dsym";
				ENABLE_NS_ASSERTIONS = NO;
				ENABLE_STRICT_OBJC_MSGSEND = YES;
				MACOSX_DEPLOYMENT_TARGET = 14.0;
				SDKROOT = macosx;
				SWIFT_COMPILATION_MODE = wholemodule;
				SWIFT_OPTIMIZATION_LEVEL = "-O";
			};
			name = Release;
		};
		A90000010000000000000003 /* Debug */ = {
			isa = XCBuildConfiguration;
			buildSettings = {
				ASSETCATALOG_COMPILER_APPICON_NAME = AppIcon;
				CODE_SIGN_ENTITLEMENTS = AIIMEOverlay/Resources/AIIMEOverlay.entitlements;
				CODE_SIGN_STYLE = Automatic;
				COMBINE_HIDPI_IMAGES = YES;
				CURRENT_PROJECT_VERSION = 1;
				DEVELOPMENT_TEAM = "";
				ENABLE_HARDENED_RUNTIME = YES;
				GENERATE_INFOPLIST_FILE = NO;
				INFOPLIST_FILE = AIIMEOverlay/Resources/Info.plist;
				LD_RUNPATH_SEARCH_PATHS = (
					"$(inherited)",
					"@executable_path/../Frameworks",
				);
				MARKETING_VERSION = 1.0.0;
				PRODUCT_BUNDLE_IDENTIFIER = com.aiimeoverlay.app;
				PRODUCT_NAME = "$(TARGET_NAME)";
				SWIFT_EMIT_LOC_STRINGS = YES;
				SWIFT_STRICT_CONCURRENCY = complete;
				SWIFT_VERSION = 6.0;
			};
			name = Debug;
		};
		A90000010000000000000004 /* Release */ = {
			isa = XCBuildConfiguration;
			buildSettings = {
				ASSETCATALOG_COMPILER_APPICON_NAME = AppIcon;
				CODE_SIGN_ENTITLEMENTS = AIIMEOverlay/Resources/AIIMEOverlay.entitlements;
				CODE_SIGN_STYLE = Automatic;
				COMBINE_HIDPI_IMAGES = YES;
				CURRENT_PROJECT_VERSION = 1;
				DEVELOPMENT_TEAM = "";
				ENABLE_HARDENED_RUNTIME = YES;
				GENERATE_INFOPLIST_FILE = NO;
				INFOPLIST_FILE = AIIMEOverlay/Resources/Info.plist;
				LD_RUNPATH_SEARCH_PATHS = (
					"$(inherited)",
					"@executable_path/../Frameworks",
				);
				MARKETING_VERSION = 1.0.0;
				PRODUCT_BUNDLE_IDENTIFIER = com.aiimeoverlay.app;
				PRODUCT_NAME = "$(TARGET_NAME)";
				SWIFT_EMIT_LOC_STRINGS = YES;
				SWIFT_STRICT_CONCURRENCY = complete;
				SWIFT_VERSION = 6.0;
			};
			name = Release;
		};
/* End XCBuildConfiguration section */

/* Begin XCConfigurationList section */
		A70000010000000000000001 /* Build configuration list for PBXProject "AIIMEOverlay" */ = {
			isa = XCConfigurationList;
			buildConfigurations = (
				A90000010000000000000001 /* Debug */,
				A90000010000000000000002 /* Release */,
			);
			defaultConfigurationIsVisible = 0;
			defaultConfigurationName = Release;
		};
		A70000010000000000000003 /* Build configuration list for PBXNativeTarget "AIIMEOverlay" */ = {
			isa = XCConfigurationList;
			buildConfigurations = (
				A90000010000000000000003 /* Debug */,
				A90000010000000000000004 /* Release */,
			);
			defaultConfigurationIsVisible = 0;
			defaultConfigurationName = Release;
		};
/* End XCConfigurationList section */
	};
	rootObject = A80000010000000000000001 /* Project object */;
}
